<Project ToolsVersion="4.0" xmlns="http://schemas.microsoft.com/developer/msbuild/2003">
  <ItemGroup>
    <Filter Include="Source Files">
      <UniqueIdentifier>{4FC737F1-C7A5-4376-A066-2A32D752A2FF}</UniqueIdentifier>
      <Extensions>cpp;c;cc;cxx;def;odl;idl;hpj;bat;asm;asmx</Extensions>
    </Filter>
    <Filter Include="Header Files">
      <UniqueIdentifier>{93995380-89BD-4b04-88EB-625FBE52EBFB}</UniqueIdentifier>
      <Extensions>h;hpp;hxx;hm;inl;inc;xsd</Extensions>
    </Filter>
    <Filter Include="Resource Files">
      <UniqueIdentifier>{67DA6AB6-F800-4c08-8B7A-83BB121AAD01}</UniqueIdentifier>
      <Extensions>rc;ico;cur;bmp;dlg;rc2;rct;bin;rgs;gif;jpg;jpeg;jpe;resx;tiff;tif;png;wav</Extensions>
    </Filter>
    <Filter Include="Blocks">
      <UniqueIdentifier>{B037B110-EE63-49FE-B1BB-7DC42EA1D004}</UniqueIdentifier>
    </Filter>
    <Filter Include="Blocks\ASIO">
      <UniqueIdentifier>{B86C5E74-469A-45A5-9DAD-557AB60265C1}</UniqueIdentifier>
    </Filter>
    <Filter Include="Blocks\ASIO\src">
      <UniqueIdentifier>{FD461150-8963-47B0-83D5-0A07F2962726}</UniqueIdentifier>
    </Filter>
    <Filter Include="Blocks\DDP">
      <UniqueIdentifier>{7A06949D-7330-4713-9114-29396C0D30A4}</UniqueIdentifier>
    </Filter>
    <Filter Include="Blocks\DDP\src">
      <UniqueIdentifier>{C2228A83-1FA8-4B7B-A1D2-CF3A4C69D62C}</UniqueIdentifier>
    </Filter>
  </ItemGroup>
  <ItemGroup>
    <ClCompile Include="..\src\DdpSenderApp.cpp">
      <Filter>Source Files</Filter>
    </ClCompile>
    <ClCompile Include="..\src\DdpSenderApp.cpp">
      <Filter>Source Files</Filter>
    </ClCompile>
    <ClInclude Include="..\include\Resources.h">
      <Filter>Header Files</Filter>
    </ClInclude>
    <ClInclude Include="..\..\..\..\Cinder-Asio\src\ClientEventHandlerInterface.h">
      <Filter>Blocks\ASIO\src</Filter>
    </ClInclude>
    <ClInclude Include="..\..\..\..\Cinder-Asio\src\ClientInterface.h">
      <Filter>Blocks\ASIO\src</Filter>
    </ClInclude>
    <ClInclude Include="..\..\..\..\Cinder-Asio\src\DispatcherEventHandlerInterface.h">
      <Filter>Blocks\ASIO\src</Filter>
    </ClInclude>
    <ClInclude Include="..\..\..\..\Cinder-Asio\src\DispatcherInterface.h">
      <Filter>Blocks\ASIO\src</Filter>
    </ClInclude>
    <ClInclude Include="..\..\..\..\Cinder-Asio\src\ServerEventHandlerInterface.h">
      <Filter>Blocks\ASIO\src</Filter>
    </ClInclude>
    <ClInclude Include="..\..\..\..\Cinder-Asio\src\ServerInterface.h">
      <Filter>Blocks\ASIO\src</Filter>
    </ClInclude>
    <ClInclude Include="..\..\..\..\Cinder-Asio\src\SessionEventHandlerInterface.h">
      <Filter>Blocks\ASIO\src</Filter>
    </ClInclude>
    <ClInclude Include="..\..\..\..\Cinder-Asio\src\SessionInterface.h">
      <Filter>Blocks\ASIO\src</Filter>
    </ClInclude>
    <ClInclude Include="..\..\..\..\Cinder-Asio\src\TcpClient.h">
      <Filter>Blocks\ASIO\src</Filter>
    </ClInclude>
    <ClInclude Include="..\..\..\..\Cinder-Asio\src\TcpClientEventHandlerInterface.h">
      <Filter>Blocks\ASIO\src</Filter>
    </ClInclude>
    <ClInclude Include="..\..\..\..\Cinder-Asio\src\TcpServer.h">
      <Filter>Blocks\ASIO\src</Filter>
    </ClInclude>
    <ClInclude Include="..\..\..\..\Cinder-Asio\src\TcpServerEventHandlerInterface.h">
      <Filter>Blocks\ASIO\src</Filter>
    </ClInclude>
    <ClInclude Include="..\..\..\..\Cinder-Asio\src\TcpSession.h">
      <Filter>Blocks\ASIO\src</Filter>
    </ClInclude>
    <ClInclude Include="..\..\..\..\Cinder-Asio\src\TcpSessionEventHandlerInterface.h">
      <Filter>Blocks\ASIO\src</Filter>
    </ClInclude>
    <ClInclude Include="..\..\..\..\Cinder-Asio\src\UdpClient.h">
      <Filter>Blocks\ASIO\src</Filter>
    </ClInclude>
    <ClInclude Include="..\..\..\..\Cinder-Asio\src\UdpClientEventHandlerInterface.h">
      <Filter>Blocks\ASIO\src</Filter>
    </ClInclude>
    <ClInclude Include="..\..\..\..\Cinder-Asio\src\UdpServer.h">
      <Filter>Blocks\ASIO\src</Filter>
    </ClInclude>
    <ClInclude Include="..\..\..\..\Cinder-Asio\src\UdpServerEventHandlerInterface.h">
      <Filter>Blocks\ASIO\src</Filter>
    </ClInclude>
    <ClInclude Include="..\..\..\..\Cinder-Asio\src\UdpSession.h">
      <Filter>Blocks\ASIO\src</Filter>
    </ClInclude>
    <ClInclude Include="..\..\..\..\Cinder-Asio\src\UdpSessionEventHandlerInterface.h">
      <Filter>Blocks\ASIO\src</Filter>
    </ClInclude>
    <ClInclude Include="..\..\..\..\Cinder-Asio\src\WaitTimer.h">
      <Filter>Blocks\ASIO\src</Filter>
    </ClInclude>
    <ClInclude Include="..\..\..\..\Cinder-Asio\src\WaitTimerEventHandlerInterface.h">
      <Filter>Blocks\ASIO\src</Filter>
    </ClInclude>
    <ClCompile Include="..\..\..\..\Cinder-Asio\src\ClientInterface.cpp">
      <Filter>Blocks\ASIO\src</Filter>
    </ClCompile>
    <ClCompile Include="..\..\..\..\Cinder-Asio\src\DispatcherInterface.cpp">
      <Filter>Blocks\ASIO\src</Filter>
    </ClCompile>
    <ClCompile Include="..\..\..\..\Cinder-Asio\src\ServerInterface.cpp">
      <Filter>Blocks\ASIO\src</Filter>
    </ClCompile>
    <ClCompile Include="..\..\..\..\Cinder-Asio\src\SessionInterface.cpp">
      <Filter>Blocks\ASIO\src</Filter>
    </ClCompile>
    <ClCompile Include="..\..\..\..\Cinder-Asio\src\TcpClient.cpp">
      <Filter>Blocks\ASIO\src</Filter>
    </ClCompile>
    <ClCompile Include="..\..\..\..\Cinder-Asio\src\TcpServer.cpp">
      <Filter>Blocks\ASIO\src</Filter>
    </ClCompile>
    <ClCompile Include="..\..\..\..\Cinder-Asio\src\TcpSession.cpp">
      <Filter>Blocks\ASIO\src</Filter>
    </ClCompile>
    <ClCompile Include="..\..\..\..\Cinder-Asio\src\UdpClient.cpp">
      <Filter>Blocks\ASIO\src</Filter>
    </ClCompile>
    <ClCompile Include="..\..\..\..\Cinder-Asio\src\UdpServer.cpp">
      <Filter>Blocks\ASIO\src</Filter>
    </ClCompile>
    <ClCompile Include="..\..\..\..\Cinder-Asio\src\UdpSession.cpp">
      <Filter>Blocks\ASIO\src</Filter>
    </ClCompile>
    <ClCompile Include="..\..\..\..\Cinder-Asio\src\WaitTimer.cpp">
      <Filter>Blocks\ASIO\src</Filter>
    </ClCompile>
    <ClInclude Include="..\..\..\src\DdpSender.h">
      <Filter>Blocks\DDP\src</Filter>
    </ClInclude>
    <ClCompile Include="..\..\..\src\DdpSender.cpp">
      <Filter>Blocks\DDP\src</Filter>
    </ClCompile>
  </ItemGroup>
  <ItemGroup>
    <ClInclude Include="..\include\Resources.h">
      <Filter>Header Files</Filter>
    </ClInclude>
  </ItemGroup>
  <ItemGroup>
    <ResourceCompile Include="Resources.rc">
      <Filter>Resource Files</Filter>
    </ResourceCompile>
  </ItemGroup>
</Project>
